
Microsoft Visual Studio Solution File, Format Version 12.00
# Visual Studio Version 17
VisualStudioVersion = 17.10.35013.160
MinimumVisualStudioVersion = 10.0.40219.1
Project("{9A19103F-16F7-4668-BE54-9A1E7A4F7556}") = "WebApp_UnderTheHood", "WebApp_UnderTheHood\WebApp_UnderTheHood.csproj", "{1871B6A6-6E3B-416F-8691-0AED9FD246C1}"
EndProject
Project("{FAE04EC0-301F-11D3-BF4B-00C04F79EFBC}") = "Web API", "Web API\Web API.csproj", "{86372661-CE5E-47A7-B6BB-66684FDE9E3F}"
EndProject
Global
	GlobalSection(SolutionConfigurationPlatforms) = preSolution
		Debug|Any CPU = Debug|Any CPU
		Release|Any CPU = Release|Any CPU
	EndGlobalSection
	GlobalSection(ProjectConfigurationPlatforms) = postSolution
		{1871B6A6-6E3B-416F-8691-0AED9FD246C1}.Debug|Any CPU.ActiveCfg = Debug|Any CPU
		{1871B6A6-6E3B-416F-8691-0AED9FD246C1}.Debug|Any CPU.Build.0 = Debug|Any CPU
		{1871B6A6-6E3B-416F-8691-0AED9FD246C1}.Release|Any CPU.ActiveCfg = Release|Any CPU
		{1871B6A6-6E3B-416F-8691-0AED9FD246C1}.Release|Any CPU.Build.0 = Release|Any CPU
		{86372661-CE5E-47A7-B6BB-66684FDE9E3F}.Debug|Any CPU.ActiveCfg = Debug|Any CPU
		{86372661-CE5E-47A7-B6BB-66684FDE9E3F}.Debug|Any CPU.Build.0 = Debug|Any CPU
		{86372661-CE5E-47A7-B6BB-66684FDE9E3F}.Release|Any CPU.ActiveCfg = Release|Any CPU
		{86372661-CE5E-47A7-B6BB-66684FDE9E3F}.Release|Any CPU.Build.0 = Release|Any CPU
	EndGlobalSection
	GlobalSection(SolutionProperties) = preSolution
		HideSolutionNode = FALSE
	EndGlobalSection
	GlobalSection(ExtensibilityGlobals) = postSolution
		SolutionGuid = {5A7B745F-88A3-4D42-B5F4-CF4D179B4DA6}
	EndGlobalSection
EndGlobal
